
Microsoft Visual Studio Solution File, Format Version 12.00
# Visual Studio Version 17
VisualStudioVersion = 17.12.35527.113
MinimumVisualStudioVersion = 10.0.40219.1
Project("{FAE04EC0-301F-11D3-BF4B-00C04F79EFBC}") = "TMSHomeWorkLesson1", "TMSHomeWorkLesson1\TMSHomeWorkLesson1.csproj", "{D43E712A-E48D-44FD-9674-7A22850A6D64}"
EndProject
Project("{FAE04EC0-301F-11D3-BF4B-00C04F79EFBC}") = "ClassLibrary1", "ClassLibrary1\ClassLibrary1.csproj", "{60100473-99A5-426A-ADCC-7AF9519F1D7B}"
EndProject
Global
	GlobalSection(SolutionConfigurationPlatforms) = preSolution
		Debug|Any CPU = Debug|Any CPU
		Release|Any CPU = Release|Any CPU
	EndGlobalSection
	GlobalSection(ProjectConfigurationPlatforms) = postSolution
		{D43E712A-E48D-44FD-9674-7A22850A6D64}.Debug|Any CPU.ActiveCfg = Debug|Any CPU
		{D43E712A-E48D-44FD-9674-7A22850A6D64}.Debug|Any CPU.Build.0 = Debug|Any CPU
		{D43E712A-E48D-44FD-9674-7A22850A6D64}.Release|Any CPU.ActiveCfg = Release|Any CPU
		{D43E712A-E48D-44FD-9674-7A22850A6D64}.Release|Any CPU.Build.0 = Release|Any CPU
		{60100473-99A5-426A-ADCC-7AF9519F1D7B}.Debug|Any CPU.ActiveCfg = Debug|Any CPU
		{60100473-99A5-426A-ADCC-7AF9519F1D7B}.Debug|Any CPU.Build.0 = Debug|Any CPU
		{60100473-99A5-426A-ADCC-7AF9519F1D7B}.Release|Any CPU.ActiveCfg = Release|Any CPU
		{60100473-99A5-426A-ADCC-7AF9519F1D7B}.Release|Any CPU.Build.0 = Release|Any CPU
	EndGlobalSection
	GlobalSection(SolutionProperties) = preSolution
		HideSolutionNode = FALSE
	EndGlobalSection
EndGlobal
